<?xml version="1.0" encoding="utf-8"?>
<Project ToolsVersion="4.0" xmlns="http://schemas.microsoft.com/developer/msbuild/2003">
  <ItemGroup>
    <ClInclude Include="config.h" />
    <ClInclude Include="WinRing0.h" />
    <ClInclude Include="InpOut.h" />
    <ClInclude Include="platform.h" />
    <ClInclude Include="igfx_registers.h" />
    <ClInclude Include="igfx_device.h" />
  </ItemGroup>
  <ItemGroup>
    <ClCompile Include="WinRing0.c" />
    <ClCompile Include="InpOut.c" />
    <ClCompile Include="igfx_registers.c" />
    <ClCompile Include="igfx_device.c" />
  </ItemGroup>
</Project>